{
    "_meta": {
        "hash": {
            "sha256": "eb15d3664e88d9f7a071ac7e462dbc4c3ced804ecd521d832194353515ddbddb"
        },
        "pipfile-spec": 6,
        "requires": {
            "python_version": "3.8"
        },
        "sources": [
            {
                "name": "pypi",
                "url": "https://pypi.python.org/simple",
                "verify_ssl": true
            }
        ]
    },
    "default": {
        "django": {
            "hashes": [
                "sha256:33e4bb3f3268ecc362a7bd982c7f19fff30597c749fedbc1fd3773ebb82ec38c",
                "sha256:f4351f1f921bb6c3de03e24cdba823365fb9a79a44f607ba2560e9e3b7f16ff3"
            ],
            "index": "pypi",
            "version": "==2.1.12"
        },
        "pytz": {
            "hashes": [
                "sha256:1e760e2fe6a8163bc0b3d9a19c4f84342afa0a2affebfaa84b01b978a02ecaa7",
                "sha256:e68985985296d9a66a881eb3193b0906246245294a881e7c8afe623866ac6a5c"
            ],
            "version": "==2022.1"
        }
    },
    "develop": {}
}
